// !$*UTF8*$!
{
	archiveVersion = 1;
	classes = {
	};
	objectVersion = 56;
	objects = {

/* Begin PBXBuildFile section */
		821933AC295DF8B500B47BFB /* AuroraView.swift in Sources */ = {isa = PBXBuildFile; fileRef = 821933AB295DF8B500B47BFB /* AuroraView.swift */; };
		821933B5295DF94D00B47BFB /* AuroraDesignerApp.swift in Sources */ = {isa = PBXBuildFile; fileRef = 821933B4295DF94D00B47BFB /* AuroraDesignerApp.swift */; };
		821933B7295DF94D00B47BFB /* ContentView.swift in Sources */ = {isa = PBXBuildFile; fileRef = 821933B6295DF94D00B47BFB /* ContentView.swift */; };
		821933B9295DF94E00B47BFB /* Assets.xcassets in Resources */ = {isa = PBXBuildFile; fileRef = 821933B8295DF94E00B47BFB /* Assets.xcassets */; };
		821933BC295DF94E00B47BFB /* Preview Assets.xcassets in Resources */ = {isa = PBXBuildFile; fileRef = 821933BB295DF94E00B47BFB /* Preview Assets.xcassets */; };
		821933CA295DFE2100B47BFB /* NSImage+Bitmap.swift in Sources */ = {isa = PBXBuildFile; fileRef = 821933C9295DFE2100B47BFB /* NSImage+Bitmap.swift */; };
		821933CD295DFF6200B47BFB /* ImageColorExtractor.swift in Sources */ = {isa = PBXBuildFile; fileRef = 821933CC295DFF6200B47BFB /* ImageColorExtractor.swift */; };
		821933CF295DFFBC00B47BFB /* Pixel.swift in Sources */ = {isa = PBXBuildFile; fileRef = 821933CE295DFFBC00B47BFB /* Pixel.swift */; };
		821933D1295DFFD200B47BFB /* Bucket.swift in Sources */ = {isa = PBXBuildFile; fileRef = 821933D0295DFFD200B47BFB /* Bucket.swift */; };
		821933D3295DFFEF00B47BFB /* Array+AverageColor.swift in Sources */ = {isa = PBXBuildFile; fileRef = 821933D2295DFFEF00B47BFB /* Array+AverageColor.swift */; };
		821933D6295E0E8B00B47BFB /* AuroraDebugView.swift in Sources */ = {isa = PBXBuildFile; fileRef = 821933D5295E0E8B00B47BFB /* AuroraDebugView.swift */; };
		821933D8295E0F9600B47BFB /* DebugInfo.swift in Sources */ = {isa = PBXBuildFile; fileRef = 821933D7295E0F9600B47BFB /* DebugInfo.swift */; };
		821933DA295E101C00B47BFB /* AuroraDebugContainerView.swift in Sources */ = {isa = PBXBuildFile; fileRef = 821933D9295E101C00B47BFB /* AuroraDebugContainerView.swift */; };
		821933DE295E1DD800B47BFB /* DebugCornerView.swift in Sources */ = {isa = PBXBuildFile; fileRef = 821933DD295E1DD800B47BFB /* DebugCornerView.swift */; };
		821933E0295E1EA300B47BFB /* DebugCornerColorsView.swift in Sources */ = {isa = PBXBuildFile; fileRef = 821933DF295E1EA300B47BFB /* DebugCornerColorsView.swift */; };
		821933EA295FD64A00B47BFB /* AuroraDebugSettingsView.swift in Sources */ = {isa = PBXBuildFile; fileRef = 821933E9295FD64A00B47BFB /* AuroraDebugSettingsView.swift */; };
		821933ED295FD9F400B47BFB /* InternalDataHolder.swift in Sources */ = {isa = PBXBuildFile; fileRef = 821933EC295FD9F400B47BFB /* InternalDataHolder.swift */; };
		821933F12964BAE900B47BFB /* NSColor+Hex.swift in Sources */ = {isa = PBXBuildFile; fileRef = 821933F02964BAE900B47BFB /* NSColor+Hex.swift */; };
		821933F32964C55B00B47BFB /* BackgroundView.swift in Sources */ = {isa = PBXBuildFile; fileRef = 821933F22964C55B00B47BFB /* BackgroundView.swift */; };
		821933F52964C57B00B47BFB /* AuroraViewModel.swift in Sources */ = {isa = PBXBuildFile; fileRef = 821933F42964C57B00B47BFB /* AuroraViewModel.swift */; };
		821933F82964CB8E00B47BFB /* EdgeCoordinates.swift in Sources */ = {isa = PBXBuildFile; fileRef = 821933F72964CB8E00B47BFB /* EdgeCoordinates.swift */; };
		823CBB98296B81E100CA5CDD /* BackgroundOrb.swift in Sources */ = {isa = PBXBuildFile; fileRef = 823CBB97296B81E100CA5CDD /* BackgroundOrb.swift */; };
		823CBB9A2973594B00CA5CDD /* Appearance.swift in Sources */ = {isa = PBXBuildFile; fileRef = 823CBB992973594B00CA5CDD /* Appearance.swift */; };
		823CBB9C2973596400CA5CDD /* AnimationConfiguration.swift in Sources */ = {isa = PBXBuildFile; fileRef = 823CBB9B2973596400CA5CDD /* AnimationConfiguration.swift */; };
		823CBBA629749EDD00CA5CDD /* RangeSliderView.swift in Sources */ = {isa = PBXBuildFile; fileRef = 823CBBA529749EDD00CA5CDD /* RangeSliderView.swift */; };
		823CBBA829807E6300CA5CDD /* UpdateAnimation.swift in Sources */ = {isa = PBXBuildFile; fileRef = 823CBBA729807E6300CA5CDD /* UpdateAnimation.swift */; };
		82947D912968D3BB00BBA872 /* AuroraSampleApp.swift in Sources */ = {isa = PBXBuildFile; fileRef = 82947D902968D3BB00BBA872 /* AuroraSampleApp.swift */; };
		82947D932968D3BB00BBA872 /* ContentView.swift in Sources */ = {isa = PBXBuildFile; fileRef = 82947D922968D3BB00BBA872 /* ContentView.swift */; };
		82947D952968D3BC00BBA872 /* Assets.xcassets in Resources */ = {isa = PBXBuildFile; fileRef = 82947D942968D3BC00BBA872 /* Assets.xcassets */; };
		82947D992968D3BC00BBA872 /* Preview Assets.xcassets in Resources */ = {isa = PBXBuildFile; fileRef = 82947D982968D3BC00BBA872 /* Preview Assets.xcassets */; };
		82947DA22968D56F00BBA872 /* ExampleImages.xcassets in Resources */ = {isa = PBXBuildFile; fileRef = 82947DA12968D56F00BBA872 /* ExampleImages.xcassets */; };
		82947DA32968D56F00BBA872 /* ExampleImages.xcassets in Resources */ = {isa = PBXBuildFile; fileRef = 82947DA12968D56F00BBA872 /* ExampleImages.xcassets */; };
		82947DA52968D67300BBA872 /* ExampleImages.swift in Sources */ = {isa = PBXBuildFile; fileRef = 82947DA42968D67300BBA872 /* ExampleImages.swift */; };
		82947DA62968D67300BBA872 /* ExampleImages.swift in Sources */ = {isa = PBXBuildFile; fileRef = 82947DA42968D67300BBA872 /* ExampleImages.swift */; };
		82947DAA2968D70C00BBA872 /* Aurora.framework in Frameworks */ = {isa = PBXBuildFile; fileRef = 8219339D295DF86900B47BFB /* Aurora.framework */; platformFilters = (macos, ); };
		82947DAD2968F87100BBA872 /* BackgroundOrbViewModel.swift in Sources */ = {isa = PBXBuildFile; fileRef = 82947DAC2968F87100BBA872 /* BackgroundOrbViewModel.swift */; };
		82BCD4122965241A001D01B5 /* ExceptionCatcher in Frameworks */ = {isa = PBXBuildFile; productRef = 82BCD4112965241A001D01B5 /* ExceptionCatcher */; };
		82BCD4182965281B001D01B5 /* Algorithms in Frameworks */ = {isa = PBXBuildFile; productRef = 82BCD4172965281B001D01B5 /* Algorithms */; };
/* End PBXBuildFile section */

/* Begin PBXContainerItemProxy section */
		821933C5295DFCC800B47BFB /* PBXContainerItemProxy */ = {
			isa = PBXContainerItemProxy;
			containerPortal = 82193394295DF86900B47BFB /* Project object */;
			proxyType = 1;
			remoteGlobalIDString = 8219339C295DF86900B47BFB;
			remoteInfo = Slick;
		};
		82947DA72968D70400BBA872 /* PBXContainerItemProxy */ = {
			isa = PBXContainerItemProxy;
			containerPortal = 82193394295DF86900B47BFB /* Project object */;
			proxyType = 1;
			remoteGlobalIDString = 8219339C295DF86900B47BFB;
			remoteInfo = Aurora;
		};
/* End PBXContainerItemProxy section */

/* Begin PBXFileReference section */
		8219339D295DF86900B47BFB /* Aurora.framework */ = {isa = PBXFileReference; explicitFileType = wrapper.framework; includeInIndex = 0; path = Aurora.framework; sourceTree = BUILT_PRODUCTS_DIR; };
		821933A7295DF89500B47BFB /* Package.swift */ = {isa = PBXFileReference; indentWidth = 2; lastKnownFileType = sourcecode.swift; path = Package.swift; sourceTree = "<group>"; tabWidth = 2; usesTabs = 0; };
		821933AB295DF8B500B47BFB /* AuroraView.swift */ = {isa = PBXFileReference; fileEncoding = 4; lastKnownFileType = sourcecode.swift; path = AuroraView.swift; sourceTree = "<group>"; };
		821933B2295DF94D00B47BFB /* Aurora Designer.app */ = {isa = PBXFileReference; explicitFileType = wrapper.application; includeInIndex = 0; path = "Aurora Designer.app"; sourceTree = BUILT_PRODUCTS_DIR; };
		821933B4295DF94D00B47BFB /* AuroraDesignerApp.swift */ = {isa = PBXFileReference; lastKnownFileType = sourcecode.swift; path = AuroraDesignerApp.swift; sourceTree = "<group>"; };
		821933B6295DF94D00B47BFB /* ContentView.swift */ = {isa = PBXFileReference; lastKnownFileType = sourcecode.swift; path = ContentView.swift; sourceTree = "<group>"; };
		821933B8295DF94E00B47BFB /* Assets.xcassets */ = {isa = PBXFileReference; lastKnownFileType = folder.assetcatalog; path = Assets.xcassets; sourceTree = "<group>"; };
		821933BB295DF94E00B47BFB /* Preview Assets.xcassets */ = {isa = PBXFileReference; lastKnownFileType = folder.assetcatalog; path = "Preview Assets.xcassets"; sourceTree = "<group>"; };
		821933BD295DF94E00B47BFB /* AuroraDesigner.entitlements */ = {isa = PBXFileReference; lastKnownFileType = text.plist.entitlements; path = AuroraDesigner.entitlements; sourceTree = "<group>"; };
		821933C9295DFE2100B47BFB /* NSImage+Bitmap.swift */ = {isa = PBXFileReference; lastKnownFileType = sourcecode.swift; path = "NSImage+Bitmap.swift"; sourceTree = "<group>"; };
		821933CC295DFF6200B47BFB /* ImageColorExtractor.swift */ = {isa = PBXFileReference; lastKnownFileType = sourcecode.swift; path = ImageColorExtractor.swift; sourceTree = "<group>"; };
		821933CE295DFFBC00B47BFB /* Pixel.swift */ = {isa = PBXFileReference; lastKnownFileType = sourcecode.swift; path = Pixel.swift; sourceTree = "<group>"; };
		821933D0295DFFD200B47BFB /* Bucket.swift */ = {isa = PBXFileReference; lastKnownFileType = sourcecode.swift; path = Bucket.swift; sourceTree = "<group>"; };
		821933D2295DFFEF00B47BFB /* Array+AverageColor.swift */ = {isa = PBXFileReference; lastKnownFileType = sourcecode.swift; path = "Array+AverageColor.swift"; sourceTree = "<group>"; };
		821933D5295E0E8B00B47BFB /* AuroraDebugView.swift */ = {isa = PBXFileReference; lastKnownFileType = sourcecode.swift; path = AuroraDebugView.swift; sourceTree = "<group>"; };
		821933D7295E0F9600B47BFB /* DebugInfo.swift */ = {isa = PBXFileReference; lastKnownFileType = sourcecode.swift; path = DebugInfo.swift; sourceTree = "<group>"; };
		821933D9295E101C00B47BFB /* AuroraDebugContainerView.swift */ = {isa = PBXFileReference; lastKnownFileType = sourcecode.swift; path = AuroraDebugContainerView.swift; sourceTree = "<group>"; };
		821933DD295E1DD800B47BFB /* DebugCornerView.swift */ = {isa = PBXFileReference; lastKnownFileType = sourcecode.swift; path = DebugCornerView.swift; sourceTree = "<group>"; };
		821933DF295E1EA300B47BFB /* DebugCornerColorsView.swift */ = {isa = PBXFileReference; lastKnownFileType = sourcecode.swift; path = DebugCornerColorsView.swift; sourceTree = "<group>"; };
		821933E1295E207600B47BFB /* README.md */ = {isa = PBXFileReference; lastKnownFileType = net.daringfireball.markdown; path = README.md; sourceTree = "<group>"; };
		821933E2295E237200B47BFB /* LICENSE */ = {isa = PBXFileReference; lastKnownFileType = text; path = LICENSE; sourceTree = "<group>"; };
		821933E9295FD64A00B47BFB /* AuroraDebugSettingsView.swift */ = {isa = PBXFileReference; lastKnownFileType = sourcecode.swift; path = AuroraDebugSettingsView.swift; sourceTree = "<group>"; };
		821933EC295FD9F400B47BFB /* InternalDataHolder.swift */ = {isa = PBXFileReference; lastKnownFileType = sourcecode.swift; path = InternalDataHolder.swift; sourceTree = "<group>"; };
		821933F02964BAE900B47BFB /* NSColor+Hex.swift */ = {isa = PBXFileReference; lastKnownFileType = sourcecode.swift; path = "NSColor+Hex.swift"; sourceTree = "<group>"; };
		821933F22964C55B00B47BFB /* BackgroundView.swift */ = {isa = PBXFileReference; lastKnownFileType = sourcecode.swift; path = BackgroundView.swift; sourceTree = "<group>"; };
		821933F42964C57B00B47BFB /* AuroraViewModel.swift */ = {isa = PBXFileReference; lastKnownFileType = sourcecode.swift; path = AuroraViewModel.swift; sourceTree = "<group>"; };
		821933F72964CB8E00B47BFB /* EdgeCoordinates.swift */ = {isa = PBXFileReference; lastKnownFileType = sourcecode.swift; path = EdgeCoordinates.swift; sourceTree = "<group>"; };
		823CBB97296B81E100CA5CDD /* BackgroundOrb.swift */ = {isa = PBXFileReference; lastKnownFileType = sourcecode.swift; path = BackgroundOrb.swift; sourceTree = "<group>"; };
		823CBB992973594B00CA5CDD /* Appearance.swift */ = {isa = PBXFileReference; lastKnownFileType = sourcecode.swift; path = Appearance.swift; sourceTree = "<group>"; };
		823CBB9B2973596400CA5CDD /* AnimationConfiguration.swift */ = {isa = PBXFileReference; lastKnownFileType = sourcecode.swift; path = AnimationConfiguration.swift; sourceTree = "<group>"; };
		823CBBA529749EDD00CA5CDD /* RangeSliderView.swift */ = {isa = PBXFileReference; lastKnownFileType = sourcecode.swift; path = RangeSliderView.swift; sourceTree = "<group>"; };
		823CBBA729807E6300CA5CDD /* UpdateAnimation.swift */ = {isa = PBXFileReference; lastKnownFileType = sourcecode.swift; path = UpdateAnimation.swift; sourceTree = "<group>"; };
		82947D8E2968D3BB00BBA872 /* Aurora Sample.app */ = {isa = PBXFileReference; explicitFileType = wrapper.application; includeInIndex = 0; path = "Aurora Sample.app"; sourceTree = BUILT_PRODUCTS_DIR; };
		82947D902968D3BB00BBA872 /* AuroraSampleApp.swift */ = {isa = PBXFileReference; lastKnownFileType = sourcecode.swift; path = AuroraSampleApp.swift; sourceTree = "<group>"; };
		82947D922968D3BB00BBA872 /* ContentView.swift */ = {isa = PBXFileReference; lastKnownFileType = sourcecode.swift; path = ContentView.swift; sourceTree = "<group>"; };
		82947D942968D3BC00BBA872 /* Assets.xcassets */ = {isa = PBXFileReference; lastKnownFileType = folder.assetcatalog; path = Assets.xcassets; sourceTree = "<group>"; };
		82947D962968D3BC00BBA872 /* AuroraSample.entitlements */ = {isa = PBXFileReference; lastKnownFileType = text.plist.entitlements; path = AuroraSample.entitlements; sourceTree = "<group>"; };
		82947D982968D3BC00BBA872 /* Preview Assets.xcassets */ = {isa = PBXFileReference; lastKnownFileType = folder.assetcatalog; path = "Preview Assets.xcassets"; sourceTree = "<group>"; };
		82947DA12968D56F00BBA872 /* ExampleImages.xcassets */ = {isa = PBXFileReference; lastKnownFileType = folder.assetcatalog; path = ExampleImages.xcassets; sourceTree = "<group>"; };
		82947DA42968D67300BBA872 /* ExampleImages.swift */ = {isa = PBXFileReference; fileEncoding = 4; lastKnownFileType = sourcecode.swift; path = ExampleImages.swift; sourceTree = "<group>"; };
		82947DAC2968F87100BBA872 /* BackgroundOrbViewModel.swift */ = {isa = PBXFileReference; lastKnownFileType = sourcecode.swift; path = BackgroundOrbViewModel.swift; sourceTree = "<group>"; };
/* End PBXFileReference section */

/* Begin PBXFrameworksBuildPhase section */
		8219339A295DF86900B47BFB /* Frameworks */ = {
			isa = PBXFrameworksBuildPhase;
			buildActionMask = 2147483647;
			files = (
				82BCD4182965281B001D01B5 /* Algorithms in Frameworks */,
				82BCD4122965241A001D01B5 /* ExceptionCatcher in Frameworks */,
			);
			runOnlyForDeploymentPostprocessing = 0;
		};
		821933AF295DF94D00B47BFB /* Frameworks */ = {
			isa = PBXFrameworksBuildPhase;
			buildActionMask = 2147483647;
			files = (
			);
			runOnlyForDeploymentPostprocessing = 0;
		};
		82947D8B2968D3BB00BBA872 /* Frameworks */ = {
			isa = PBXFrameworksBuildPhase;
			buildActionMask = 2147483647;
			files = (
				82947DAA2968D70C00BBA872 /* Aurora.framework in Frameworks */,
			);
			runOnlyForDeploymentPostprocessing = 0;
		};
/* End PBXFrameworksBuildPhase section */

/* Begin PBXGroup section */
		82193393295DF86900B47BFB = {
			isa = PBXGroup;
			children = (
				821933E1295E207600B47BFB /* README.md */,
				821933E2295E237200B47BFB /* LICENSE */,
				821933A8295DF89C00B47BFB /* Aurora */,
				82947D882968D35B00BBA872 /* dev */,
				82947D892968D38400BBA872 /* samples */,
				82947D9D2968D50700BBA872 /* shared */,
				821933A7295DF89500B47BFB /* Package.swift */,
				8219339E295DF86900B47BFB /* Products */,
				82947DA92968D70C00BBA872 /* Frameworks */,
			);
			sourceTree = "<group>";
		};
		8219339E295DF86900B47BFB /* Products */ = {
			isa = PBXGroup;
			children = (
				8219339D295DF86900B47BFB /* Aurora.framework */,
				821933B2295DF94D00B47BFB /* Aurora Designer.app */,
				82947D8E2968D3BB00BBA872 /* Aurora Sample.app */,
			);
			name = Products;
			sourceTree = "<group>";
		};
		821933A8295DF89C00B47BFB /* Aurora */ = {
			isa = PBXGroup;
			children = (
				821933D4295E0E6F00B47BFB /* debug */,
				821933C8295DFE1500B47BFB /* extension */,
				821933F62964CB7B00B47BFB /* geometry */,
				821933CB295DFF5600B47BFB /* image */,
				821933EB295FD9E500B47BFB /* internal */,
				82947DAB2968F86300BBA872 /* model */,
				821933C7295DFDE900B47BFB /* view */,
			);
			path = Aurora;
			sourceTree = "<group>";
		};
		821933B3295DF94D00B47BFB /* AuroraDesigner */ = {
			isa = PBXGroup;
			children = (
				823CBBA02973679F00CA5CDD /* view */,
				821933B4295DF94D00B47BFB /* AuroraDesignerApp.swift */,
				821933B8295DF94E00B47BFB /* Assets.xcassets */,
				821933BD295DF94E00B47BFB /* AuroraDesigner.entitlements */,
				821933BA295DF94E00B47BFB /* Preview Content */,
			);
			path = AuroraDesigner;
			sourceTree = "<group>";
		};
		821933BA295DF94E00B47BFB /* Preview Content */ = {
			isa = PBXGroup;
			children = (
				821933BB295DF94E00B47BFB /* Preview Assets.xcassets */,
			);
			path = "Preview Content";
			sourceTree = "<group>";
		};
		821933C7295DFDE900B47BFB /* view */ = {
			isa = PBXGroup;
			children = (
				821933AB295DF8B500B47BFB /* AuroraView.swift */,
				821933F22964C55B00B47BFB /* BackgroundView.swift */,
				823CBB97296B81E100CA5CDD /* BackgroundOrb.swift */,
				823CBBA729807E6300CA5CDD /* UpdateAnimation.swift */,
			);
			path = view;
			sourceTree = "<group>";
		};
		821933C8295DFE1500B47BFB /* extension */ = {
			isa = PBXGroup;
			children = (
				821933C9295DFE2100B47BFB /* NSImage+Bitmap.swift */,
				821933D2295DFFEF00B47BFB /* Array+AverageColor.swift */,
				821933F02964BAE900B47BFB /* NSColor+Hex.swift */,
			);
			path = extension;
			sourceTree = "<group>";
		};
		821933CB295DFF5600B47BFB /* image */ = {
			isa = PBXGroup;
			children = (
				821933D0295DFFD200B47BFB /* Bucket.swift */,
				821933CC295DFF6200B47BFB /* ImageColorExtractor.swift */,
				821933CE295DFFBC00B47BFB /* Pixel.swift */,
			);
			path = image;
			sourceTree = "<group>";
		};
		821933D4295E0E6F00B47BFB /* debug */ = {
			isa = PBXGroup;
			children = (
				821933D9295E101C00B47BFB /* AuroraDebugContainerView.swift */,
				821933E9295FD64A00B47BFB /* AuroraDebugSettingsView.swift */,
				821933D5295E0E8B00B47BFB /* AuroraDebugView.swift */,
				821933D7295E0F9600B47BFB /* DebugInfo.swift */,
				821933DD295E1DD800B47BFB /* DebugCornerView.swift */,
				821933DF295E1EA300B47BFB /* DebugCornerColorsView.swift */,
				823CBBA529749EDD00CA5CDD /* RangeSliderView.swift */,
			);
			path = debug;
			sourceTree = "<group>";
		};
		821933EB295FD9E500B47BFB /* internal */ = {
			isa = PBXGroup;
			children = (
				821933EC295FD9F400B47BFB /* InternalDataHolder.swift */,
			);
			path = internal;
			sourceTree = "<group>";
		};
		821933F62964CB7B00B47BFB /* geometry */ = {
			isa = PBXGroup;
			children = (
				821933F72964CB8E00B47BFB /* EdgeCoordinates.swift */,
			);
			path = geometry;
			sourceTree = "<group>";
		};
		823CBBA02973679F00CA5CDD /* view */ = {
			isa = PBXGroup;
			children = (
				821933B6295DF94D00B47BFB /* ContentView.swift */,
			);
			path = view;
			sourceTree = "<group>";
		};
		82947D882968D35B00BBA872 /* dev */ = {
			isa = PBXGroup;
			children = (
				821933B3295DF94D00B47BFB /* AuroraDesigner */,
			);
			path = dev;
			sourceTree = "<group>";
		};
		82947D892968D38400BBA872 /* samples */ = {
			isa = PBXGroup;
			children = (
				82947D8F2968D3BB00BBA872 /* AuroraSample */,
			);
			path = samples;
			sourceTree = "<group>";
		};
		82947D8F2968D3BB00BBA872 /* AuroraSample */ = {
			isa = PBXGroup;
			children = (
				82947D902968D3BB00BBA872 /* AuroraSampleApp.swift */,
				82947D922968D3BB00BBA872 /* ContentView.swift */,
				82947D942968D3BC00BBA872 /* Assets.xcassets */,
				82947D962968D3BC00BBA872 /* AuroraSample.entitlements */,
				82947D972968D3BC00BBA872 /* Preview Content */,
			);
			path = AuroraSample;
			sourceTree = "<group>";
		};
		82947D972968D3BC00BBA872 /* Preview Content */ = {
			isa = PBXGroup;
			children = (
				82947D982968D3BC00BBA872 /* Preview Assets.xcassets */,
			);
			path = "Preview Content";
			sourceTree = "<group>";
		};
		82947D9D2968D50700BBA872 /* shared */ = {
			isa = PBXGroup;
			children = (
				82947DA42968D67300BBA872 /* ExampleImages.swift */,
				82947DA12968D56F00BBA872 /* ExampleImages.xcassets */,
			);
			path = shared;
			sourceTree = "<group>";
		};
		82947DA92968D70C00BBA872 /* Frameworks */ = {
			isa = PBXGroup;
			children = (
			);
			name = Frameworks;
			sourceTree = "<group>";
		};
		82947DAB2968F86300BBA872 /* model */ = {
			isa = PBXGroup;
			children = (
				823CBB992973594B00CA5CDD /* Appearance.swift */,
				823CBB9B2973596400CA5CDD /* AnimationConfiguration.swift */,
				821933F42964C57B00B47BFB /* AuroraViewModel.swift */,
				82947DAC2968F87100BBA872 /* BackgroundOrbViewModel.swift */,
			);
			path = model;
			sourceTree = "<group>";
		};
/* End PBXGroup section */

/* Begin PBXHeadersBuildPhase section */
		82193398295DF86900B47BFB /* Headers */ = {
			isa = PBXHeadersBuildPhase;
			buildActionMask = 2147483647;
			files = (
			);
			runOnlyForDeploymentPostprocessing = 0;
		};
/* End PBXHeadersBuildPhase section */

/* Begin PBXNativeTarget section */
		8219339C295DF86900B47BFB /* Aurora */ = {
			isa = PBXNativeTarget;
			buildConfigurationList = 821933A4295DF86900B47BFB /* Build configuration list for PBXNativeTarget "Aurora" */;
			buildPhases = (
				82193398295DF86900B47BFB /* Headers */,
				82193399295DF86900B47BFB /* Sources */,
				8219339A295DF86900B47BFB /* Frameworks */,
				8219339B295DF86900B47BFB /* Resources */,
			);
			buildRules = (
			);
			dependencies = (
			);
			name = Aurora;
			packageProductDependencies = (
				82BCD4112965241A001D01B5 /* ExceptionCatcher */,
				82BCD4172965281B001D01B5 /* Algorithms */,
			);
			productName = Slick;
			productReference = 8219339D295DF86900B47BFB /* Aurora.framework */;
			productType = "com.apple.product-type.framework";
		};
		821933B1295DF94D00B47BFB /* Aurora Designer */ = {
			isa = PBXNativeTarget;
			buildConfigurationList = 821933BE295DF94E00B47BFB /* Build configuration list for PBXNativeTarget "Aurora Designer" */;
			buildPhases = (
				821933AE295DF94D00B47BFB /* Sources */,
				821933AF295DF94D00B47BFB /* Frameworks */,
				821933B0295DF94D00B47BFB /* Resources */,
			);
			buildRules = (
			);
			dependencies = (
				821933C6295DFCC800B47BFB /* PBXTargetDependency */,
			);
			name = "Aurora Designer";
			packageProductDependencies = (
			);
			productName = SlickExample;
			productReference = 821933B2295DF94D00B47BFB /* Aurora Designer.app */;
			productType = "com.apple.product-type.application";
		};
		82947D8D2968D3BB00BBA872 /* Aurora Sample */ = {
			isa = PBXNativeTarget;
			buildConfigurationList = 82947D9A2968D3BC00BBA872 /* Build configuration list for PBXNativeTarget "Aurora Sample" */;
			buildPhases = (
				82947D8A2968D3BB00BBA872 /* Sources */,
				82947D8B2968D3BB00BBA872 /* Frameworks */,
				82947D8C2968D3BB00BBA872 /* Resources */,
			);
			buildRules = (
			);
			dependencies = (
				82947DA82968D70400BBA872 /* PBXTargetDependency */,
			);
			name = "Aurora Sample";
			productName = AuroraSampleApp;
			productReference = 82947D8E2968D3BB00BBA872 /* Aurora Sample.app */;
			productType = "com.apple.product-type.application";
		};
/* End PBXNativeTarget section */

/* Begin PBXProject section */
		82193394295DF86900B47BFB /* Project object */ = {
			isa = PBXProject;
			attributes = {
				BuildIndependentTargetsInParallel = 1;
				LastSwiftUpdateCheck = 1410;
				LastUpgradeCheck = 1410;
				TargetAttributes = {
					8219339C295DF86900B47BFB = {
						CreatedOnToolsVersion = 14.1;
						LastSwiftMigration = 1410;
					};
					821933B1295DF94D00B47BFB = {
						CreatedOnToolsVersion = 14.1;
					};
					82947D8D2968D3BB00BBA872 = {
						CreatedOnToolsVersion = 14.1;
					};
				};
			};
			buildConfigurationList = 82193397295DF86900B47BFB /* Build configuration list for PBXProject "Aurora" */;
			compatibilityVersion = "Xcode 14.0";
			developmentRegion = en;
			hasScannedForEncodings = 0;
			knownRegions = (
				en,
				Base,
			);
			mainGroup = 82193393295DF86900B47BFB;
			packageReferences = (
				82BCD4102965241A001D01B5 /* XCRemoteSwiftPackageReference "ExceptionCatcher" */,
				82BCD4162965281B001D01B5 /* XCRemoteSwiftPackageReference "swift-algorithms" */,
			);
			productRefGroup = 8219339E295DF86900B47BFB /* Products */;
			projectDirPath = "";
			projectRoot = "";
			targets = (
				8219339C295DF86900B47BFB /* Aurora */,
				82947D8D2968D3BB00BBA872 /* Aurora Sample */,
				821933B1295DF94D00B47BFB /* Aurora Designer */,
			);
		};
/* End PBXProject section */

/* Begin PBXResourcesBuildPhase section */
		8219339B295DF86900B47BFB /* Resources */ = {
			isa = PBXResourcesBuildPhase;
			buildActionMask = 2147483647;
			files = (
			);
			runOnlyForDeploymentPostprocessing = 0;
		};
		821933B0295DF94D00B47BFB /* Resources */ = {
			isa = PBXResourcesBuildPhase;
			buildActionMask = 2147483647;
			files = (
				821933BC295DF94E00B47BFB /* Preview Assets.xcassets in Resources */,
				821933B9295DF94E00B47BFB /* Assets.xcassets in Resources */,
				82947DA22968D56F00BBA872 /* ExampleImages.xcassets in Resources */,
			);
			runOnlyForDeploymentPostprocessing = 0;
		};
		82947D8C2968D3BB00BBA872 /* Resources */ = {
			isa = PBXResourcesBuildPhase;
			buildActionMask = 2147483647;
			files = (
				82947D992968D3BC00BBA872 /* Preview Assets.xcassets in Resources */,
				82947D952968D3BC00BBA872 /* Assets.xcassets in Resources */,
				82947DA32968D56F00BBA872 /* ExampleImages.xcassets in Resources */,
			);
			runOnlyForDeploymentPostprocessing = 0;
		};
/* End PBXResourcesBuildPhase section */

/* Begin PBXSourcesBuildPhase section */
		82193399295DF86900B47BFB /* Sources */ = {
			isa = PBXSourcesBuildPhase;
			buildActionMask = 2147483647;
			files = (
				821933F32964C55B00B47BFB /* BackgroundView.swift in Sources */,
				821933F52964C57B00B47BFB /* AuroraViewModel.swift in Sources */,
				821933D6295E0E8B00B47BFB /* AuroraDebugView.swift in Sources */,
				821933DA295E101C00B47BFB /* AuroraDebugContainerView.swift in Sources */,
				823CBB98296B81E100CA5CDD /* BackgroundOrb.swift in Sources */,
				823CBBA629749EDD00CA5CDD /* RangeSliderView.swift in Sources */,
				821933E0295E1EA300B47BFB /* DebugCornerColorsView.swift in Sources */,
				821933DE295E1DD800B47BFB /* DebugCornerView.swift in Sources */,
				821933D8295E0F9600B47BFB /* DebugInfo.swift in Sources */,
				821933CF295DFFBC00B47BFB /* Pixel.swift in Sources */,
				821933D3295DFFEF00B47BFB /* Array+AverageColor.swift in Sources */,
				821933ED295FD9F400B47BFB /* InternalDataHolder.swift in Sources */,
				821933F82964CB8E00B47BFB /* EdgeCoordinates.swift in Sources */,
				821933F12964BAE900B47BFB /* NSColor+Hex.swift in Sources */,
				821933CD295DFF6200B47BFB /* ImageColorExtractor.swift in Sources */,
				821933EA295FD64A00B47BFB /* AuroraDebugSettingsView.swift in Sources */,
				823CBB9A2973594B00CA5CDD /* Appearance.swift in Sources */,
				821933AC295DF8B500B47BFB /* AuroraView.swift in Sources */,
				821933D1295DFFD200B47BFB /* Bucket.swift in Sources */,
				823CBBA829807E6300CA5CDD /* UpdateAnimation.swift in Sources */,
				82947DAD2968F87100BBA872 /* BackgroundOrbViewModel.swift in Sources */,
				823CBB9C2973596400CA5CDD /* AnimationConfiguration.swift in Sources */,
				821933CA295DFE2100B47BFB /* NSImage+Bitmap.swift in Sources */,
			);
			runOnlyForDeploymentPostprocessing = 0;
		};
		821933AE295DF94D00B47BFB /* Sources */ = {
			isa = PBXSourcesBuildPhase;
			buildActionMask = 2147483647;
			files = (
				821933B7295DF94D00B47BFB /* ContentView.swift in Sources */,
				821933B5295DF94D00B47BFB /* AuroraDesignerApp.swift in Sources */,
				82947DA52968D67300BBA872 /* ExampleImages.swift in Sources */,
			);
			runOnlyForDeploymentPostprocessing = 0;
		};
		82947D8A2968D3BB00BBA872 /* Sources */ = {
			isa = PBXSourcesBuildPhase;
			buildActionMask = 2147483647;
			files = (
				82947D932968D3BB00BBA872 /* ContentView.swift in Sources */,
				82947D912968D3BB00BBA872 /* AuroraSampleApp.swift in Sources */,
				82947DA62968D67300BBA872 /* ExampleImages.swift in Sources */,
			);
			runOnlyForDeploymentPostprocessing = 0;
		};
/* End PBXSourcesBuildPhase section */

/* Begin PBXTargetDependency section */
		821933C6295DFCC800B47BFB /* PBXTargetDependency */ = {
			isa = PBXTargetDependency;
			target = 8219339C295DF86900B47BFB /* Aurora */;
			targetProxy = 821933C5295DFCC800B47BFB /* PBXContainerItemProxy */;
		};
		82947DA82968D70400BBA872 /* PBXTargetDependency */ = {
			isa = PBXTargetDependency;
			target = 8219339C295DF86900B47BFB /* Aurora */;
			targetProxy = 82947DA72968D70400BBA872 /* PBXContainerItemProxy */;
		};
/* End PBXTargetDependency section */

/* Begin XCBuildConfiguration section */
		821933A2295DF86900B47BFB /* Debug */ = {
			isa = XCBuildConfiguration;
			buildSettings = {
				ALWAYS_SEARCH_USER_PATHS = NO;
				CLANG_ANALYZER_NONNULL = YES;
				CLANG_ANALYZER_NUMBER_OBJECT_CONVERSION = YES_AGGRESSIVE;
				CLANG_CXX_LANGUAGE_STANDARD = "gnu++20";
				CLANG_ENABLE_MODULES = YES;
				CLANG_ENABLE_OBJC_ARC = YES;
				CLANG_ENABLE_OBJC_WEAK = YES;
				CLANG_WARN_BLOCK_CAPTURE_AUTORELEASING = YES;
				CLANG_WARN_BOOL_CONVERSION = YES;
				CLANG_WARN_COMMA = YES;
				CLANG_WARN_CONSTANT_CONVERSION = YES;
				CLANG_WARN_DEPRECATED_OBJC_IMPLEMENTATIONS = YES;
				CLANG_WARN_DIRECT_OBJC_ISA_USAGE = YES_ERROR;
				CLANG_WARN_DOCUMENTATION_COMMENTS = YES;
				CLANG_WARN_EMPTY_BODY = YES;
				CLANG_WARN_ENUM_CONVERSION = YES;
				CLANG_WARN_INFINITE_RECURSION = YES;
				CLANG_WARN_INT_CONVERSION = YES;
				CLANG_WARN_NON_LITERAL_NULL_CONVERSION = YES;
				CLANG_WARN_OBJC_IMPLICIT_RETAIN_SELF = YES;
				CLANG_WARN_OBJC_LITERAL_CONVERSION = YES;
				CLANG_WARN_OBJC_ROOT_CLASS = YES_ERROR;
				CLANG_WARN_QUOTED_INCLUDE_IN_FRAMEWORK_HEADER = YES;
				CLANG_WARN_RANGE_LOOP_ANALYSIS = YES;
				CLANG_WARN_STRICT_PROTOTYPES = YES;
				CLANG_WARN_SUSPICIOUS_MOVE = YES;
				CLANG_WARN_UNGUARDED_AVAILABILITY = YES_AGGRESSIVE;
				CLANG_WARN_UNREACHABLE_CODE = YES;
				CLANG_WARN__DUPLICATE_METHOD_MATCH = YES;
				COPY_PHASE_STRIP = NO;
				CURRENT_PROJECT_VERSION = 1;
				DEBUG_INFORMATION_FORMAT = dwarf;
				ENABLE_STRICT_OBJC_MSGSEND = YES;
				ENABLE_TESTABILITY = YES;
				GCC_C_LANGUAGE_STANDARD = gnu11;
				GCC_DYNAMIC_NO_PIC = NO;
				GCC_NO_COMMON_BLOCKS = YES;
				GCC_OPTIMIZATION_LEVEL = 0;
				GCC_PREPROCESSOR_DEFINITIONS = (
					"DEBUG=1",
					"$(inherited)",
				);
				GCC_WARN_64_TO_32_BIT_CONVERSION = YES;
				GCC_WARN_ABOUT_RETURN_TYPE = YES_ERROR;
				GCC_WARN_UNDECLARED_SELECTOR = YES;
				GCC_WARN_UNINITIALIZED_AUTOS = YES_AGGRESSIVE;
				GCC_WARN_UNUSED_FUNCTION = YES;
				GCC_WARN_UNUSED_VARIABLE = YES;
				MACOSX_DEPLOYMENT_TARGET = 13.0;
				MTL_ENABLE_DEBUG_INFO = INCLUDE_SOURCE;
				MTL_FAST_MATH = YES;
				ONLY_ACTIVE_ARCH = YES;
				SDKROOT = macosx;
				SWIFT_ACTIVE_COMPILATION_CONDITIONS = DEBUG;
				SWIFT_OPTIMIZATION_LEVEL = "-Onone";
				SWIFT_VERSION = 5.0;
				VERSIONING_SYSTEM = "apple-generic";
				VERSION_INFO_PREFIX = "";
			};
			name = Debug;
		};
		821933A3295DF86900B47BFB /* Release */ = {
			isa = XCBuildConfiguration;
			buildSettings = {
				ALWAYS_SEARCH_USER_PATHS = NO;
				CLANG_ANALYZER_NONNULL = YES;
				CLANG_ANALYZER_NUMBER_OBJECT_CONVERSION = YES_AGGRESSIVE;
				CLANG_CXX_LANGUAGE_STANDARD = "gnu++20";
				CLANG_ENABLE_MODULES = YES;
				CLANG_ENABLE_OBJC_ARC = YES;
				CLANG_ENABLE_OBJC_WEAK = YES;
				CLANG_WARN_BLOCK_CAPTURE_AUTORELEASING = YES;
				CLANG_WARN_BOOL_CONVERSION = YES;
				CLANG_WARN_COMMA = YES;
				CLANG_WARN_CONSTANT_CONVERSION = YES;
				CLANG_WARN_DEPRECATED_OBJC_IMPLEMENTATIONS = YES;
				CLANG_WARN_DIRECT_OBJC_ISA_USAGE = YES_ERROR;
				CLANG_WARN_DOCUMENTATION_COMMENTS = YES;
				CLANG_WARN_EMPTY_BODY = YES;
				CLANG_WARN_ENUM_CONVERSION = YES;
				CLANG_WARN_INFINITE_RECURSION = YES;
				CLANG_WARN_INT_CONVERSION = YES;
				CLANG_WARN_NON_LITERAL_NULL_CONVERSION = YES;
				CLANG_WARN_OBJC_IMPLICIT_RETAIN_SELF = YES;
				CLANG_WARN_OBJC_LITERAL_CONVERSION = YES;
				CLANG_WARN_OBJC_ROOT_CLASS = YES_ERROR;
				CLANG_WARN_QUOTED_INCLUDE_IN_FRAMEWORK_HEADER = YES;
				CLANG_WARN_RANGE_LOOP_ANALYSIS = YES;
				CLANG_WARN_STRICT_PROTOTYPES = YES;
				CLANG_WARN_SUSPICIOUS_MOVE = YES;
				CLANG_WARN_UNGUARDED_AVAILABILITY = YES_AGGRESSIVE;
				CLANG_WARN_UNREACHABLE_CODE = YES;
				CLANG_WARN__DUPLICATE_METHOD_MATCH = YES;
				COPY_PHASE_STRIP = NO;
				CURRENT_PROJECT_VERSION = 1;
				DEBUG_INFORMATION_FORMAT = "dwarf-with-dsym";
				ENABLE_NS_ASSERTIONS = NO;
				ENABLE_STRICT_OBJC_MSGSEND = YES;
				GCC_C_LANGUAGE_STANDARD = gnu11;
				GCC_NO_COMMON_BLOCKS = YES;
				GCC_WARN_64_TO_32_BIT_CONVERSION = YES;
				GCC_WARN_ABOUT_RETURN_TYPE = YES_ERROR;
				GCC_WARN_UNDECLARED_SELECTOR = YES;
				GCC_WARN_UNINITIALIZED_AUTOS = YES_AGGRESSIVE;
				GCC_WARN_UNUSED_FUNCTION = YES;
				GCC_WARN_UNUSED_VARIABLE = YES;
				MACOSX_DEPLOYMENT_TARGET = 13.0;
				MTL_ENABLE_DEBUG_INFO = NO;
				MTL_FAST_MATH = YES;
				SDKROOT = macosx;
				SWIFT_COMPILATION_MODE = wholemodule;
				SWIFT_OPTIMIZATION_LEVEL = "-O";
				SWIFT_VERSION = 5.0;
				VERSIONING_SYSTEM = "apple-generic";
				VERSION_INFO_PREFIX = "";
			};
			name = Release;
		};
		821933A5295DF86900B47BFB /* Debug */ = {
			isa = XCBuildConfiguration;
			buildSettings = {
				CLANG_ENABLE_MODULES = YES;
				CODE_SIGN_STYLE = Automatic;
				COMBINE_HIDPI_IMAGES = YES;
				CURRENT_PROJECT_VERSION = 1;
				DEFINES_MODULE = YES;
				DEVELOPMENT_TEAM = 44847G58BM;
				DYLIB_COMPATIBILITY_VERSION = 1;
				DYLIB_CURRENT_VERSION = 1;
				DYLIB_INSTALL_NAME_BASE = "@rpath";
				GENERATE_INFOPLIST_FILE = YES;
				INFOPLIST_KEY_NSHumanReadableCopyright = "";
				INSTALL_PATH = "$(LOCAL_LIBRARY_DIR)/Frameworks";
				LD_RUNPATH_SEARCH_PATHS = (
					"$(inherited)",
					"@executable_path/../Frameworks",
					"@loader_path/Frameworks",
				);
				MARKETING_VERSION = 1.0;
				PRODUCT_BUNDLE_IDENTIFIER = com.alexrozanski.Aurora;
				PRODUCT_NAME = "$(TARGET_NAME:c99extidentifier)";
				SKIP_INSTALL = YES;
				SWIFT_EMIT_LOC_STRINGS = YES;
				SWIFT_OPTIMIZATION_LEVEL = "-Onone";
				SWIFT_VERSION = 5.0;
			};
			name = Debug;
		};
		821933A6295DF86900B47BFB /* Release */ = {
			isa = XCBuildConfiguration;
			buildSettings = {
				CLANG_ENABLE_MODULES = YES;
				CODE_SIGN_STYLE = Automatic;
				COMBINE_HIDPI_IMAGES = YES;
				CURRENT_PROJECT_VERSION = 1;
				DEFINES_MODULE = YES;
				DEVELOPMENT_TEAM = 44847G58BM;
				DYLIB_COMPATIBILITY_VERSION = 1;
				DYLIB_CURRENT_VERSION = 1;
				DYLIB_INSTALL_NAME_BASE = "@rpath";
				GENERATE_INFOPLIST_FILE = YES;
				INFOPLIST_KEY_NSHumanReadableCopyright = "";
				INSTALL_PATH = "$(LOCAL_LIBRARY_DIR)/Frameworks";
				LD_RUNPATH_SEARCH_PATHS = (
					"$(inherited)",
					"@executable_path/../Frameworks",
					"@loader_path/Frameworks",
				);
				MARKETING_VERSION = 1.0;
				PRODUCT_BUNDLE_IDENTIFIER = com.alexrozanski.Aurora;
				PRODUCT_NAME = "$(TARGET_NAME:c99extidentifier)";
				SKIP_INSTALL = YES;
				SWIFT_EMIT_LOC_STRINGS = YES;
				SWIFT_VERSION = 5.0;
			};
			name = Release;
		};
		821933BF295DF94E00B47BFB /* Debug */ = {
			isa = XCBuildConfiguration;
			buildSettings = {
				ASSETCATALOG_COMPILER_APPICON_NAME = AppIcon;
				ASSETCATALOG_COMPILER_GLOBAL_ACCENT_COLOR_NAME = AccentColor;
				CODE_SIGN_ENTITLEMENTS = dev/AuroraDesigner/AuroraDesigner.entitlements;
				CODE_SIGN_STYLE = Automatic;
				COMBINE_HIDPI_IMAGES = YES;
				CURRENT_PROJECT_VERSION = 1;
				DEVELOPMENT_ASSET_PATHS = "\"dev/AuroraDesigner/Preview Content\"";
				DEVELOPMENT_TEAM = 44847G58BM;
				ENABLE_HARDENED_RUNTIME = YES;
				ENABLE_PREVIEWS = YES;
				GENERATE_INFOPLIST_FILE = YES;
				INFOPLIST_KEY_NSHumanReadableCopyright = "";
				LD_RUNPATH_SEARCH_PATHS = (
					"$(inherited)",
					"@executable_path/../Frameworks",
				);
				MARKETING_VERSION = 1.0;
				PRODUCT_BUNDLE_IDENTIFIER = com.alexrozanski.AuroraDesigner;
				PRODUCT_NAME = "$(TARGET_NAME)";
				SWIFT_EMIT_LOC_STRINGS = YES;
				SWIFT_VERSION = 5.0;
			};
			name = Debug;
		};
		821933C0295DF94E00B47BFB /* Release */ = {
			isa = XCBuildConfiguration;
			buildSettings = {
				ASSETCATALOG_COMPILER_APPICON_NAME = AppIcon;
				ASSETCATALOG_COMPILER_GLOBAL_ACCENT_COLOR_NAME = AccentColor;
				CODE_SIGN_ENTITLEMENTS = dev/AuroraDesigner/AuroraDesigner.entitlements;
				CODE_SIGN_STYLE = Automatic;
				COMBINE_HIDPI_IMAGES = YES;
				CURRENT_PROJECT_VERSION = 1;
				DEVELOPMENT_ASSET_PATHS = "\"dev/AuroraDesigner/Preview Content\"";
				DEVELOPMENT_TEAM = 44847G58BM;
				ENABLE_HARDENED_RUNTIME = YES;
				ENABLE_PREVIEWS = YES;
				GENERATE_INFOPLIST_FILE = YES;
				INFOPLIST_KEY_NSHumanReadableCopyright = "";
				LD_RUNPATH_SEARCH_PATHS = (
					"$(inherited)",
					"@executable_path/../Frameworks",
				);
				MARKETING_VERSION = 1.0;
				PRODUCT_BUNDLE_IDENTIFIER = com.alexrozanski.AuroraDesigner;
				PRODUCT_NAME = "$(TARGET_NAME)";
				SWIFT_EMIT_LOC_STRINGS = YES;
				SWIFT_VERSION = 5.0;
			};
			name = Release;
		};
		82947D9B2968D3BC00BBA872 /* Debug */ = {
			isa = XCBuildConfiguration;
			buildSettings = {
				ASSETCATALOG_COMPILER_APPICON_NAME = AppIcon;
				ASSETCATALOG_COMPILER_GLOBAL_ACCENT_COLOR_NAME = AccentColor;
				CODE_SIGN_ENTITLEMENTS = samples/AuroraSample/AuroraSample.entitlements;
				CODE_SIGN_STYLE = Automatic;
				CURRENT_PROJECT_VERSION = 1;
				DEVELOPMENT_ASSET_PATHS = "\"samples/AuroraSample/Preview Content\"";
				DEVELOPMENT_TEAM = 44847G58BM;
				ENABLE_HARDENED_RUNTIME = YES;
				ENABLE_PREVIEWS = YES;
				GENERATE_INFOPLIST_FILE = YES;
				"INFOPLIST_KEY_UIApplicationSceneManifest_Generation[sdk=iphoneos*]" = YES;
				"INFOPLIST_KEY_UIApplicationSceneManifest_Generation[sdk=iphonesimulator*]" = YES;
				"INFOPLIST_KEY_UIApplicationSupportsIndirectInputEvents[sdk=iphoneos*]" = YES;
				"INFOPLIST_KEY_UIApplicationSupportsIndirectInputEvents[sdk=iphonesimulator*]" = YES;
				"INFOPLIST_KEY_UILaunchScreen_Generation[sdk=iphoneos*]" = YES;
				"INFOPLIST_KEY_UILaunchScreen_Generation[sdk=iphonesimulator*]" = YES;
				"INFOPLIST_KEY_UIStatusBarStyle[sdk=iphoneos*]" = UIStatusBarStyleDefault;
				"INFOPLIST_KEY_UIStatusBarStyle[sdk=iphonesimulator*]" = UIStatusBarStyleDefault;
				INFOPLIST_KEY_UISupportedInterfaceOrientations_iPad = "UIInterfaceOrientationPortrait UIInterfaceOrientationPortraitUpsideDown UIInterfaceOrientationLandscapeLeft UIInterfaceOrientationLandscapeRight";
				INFOPLIST_KEY_UISupportedInterfaceOrientations_iPhone = "UIInterfaceOrientationPortrait UIInterfaceOrientationLandscapeLeft UIInterfaceOrientationLandscapeRight";
				IPHONEOS_DEPLOYMENT_TARGET = 16.1;
				LD_RUNPATH_SEARCH_PATHS = "@executable_path/Frameworks";
				"LD_RUNPATH_SEARCH_PATHS[sdk=macosx*]" = "@executable_path/../Frameworks";
				MACOSX_DEPLOYMENT_TARGET = 13.0;
				MARKETING_VERSION = 1.0;
				PRODUCT_BUNDLE_IDENTIFIER = com.alexrozanski.AuroraSampleApp;
				PRODUCT_NAME = "$(TARGET_NAME)";
				SDKROOT = auto;
				SUPPORTED_PLATFORMS = "iphoneos iphonesimulator macosx";
				SWIFT_EMIT_LOC_STRINGS = YES;
				SWIFT_VERSION = 5.0;
				TARGETED_DEVICE_FAMILY = "1,2";
			};
			name = Debug;
		};
		82947D9C2968D3BC00BBA872 /* Release */ = {
			isa = XCBuildConfiguration;
			buildSettings = {
				ASSETCATALOG_COMPILER_APPICON_NAME = AppIcon;
				ASSETCATALOG_COMPILER_GLOBAL_ACCENT_COLOR_NAME = AccentColor;
				CODE_SIGN_ENTITLEMENTS = samples/AuroraSample/AuroraSample.entitlements;
				CODE_SIGN_STYLE = Automatic;
				CURRENT_PROJECT_VERSION = 1;
				DEVELOPMENT_ASSET_PATHS = "\"samples/AuroraSample/Preview Content\"";
				DEVELOPMENT_TEAM = 44847G58BM;
				ENABLE_HARDENED_RUNTIME = YES;
				ENABLE_PREVIEWS = YES;
				GENERATE_INFOPLIST_FILE = YES;
				"INFOPLIST_KEY_UIApplicationSceneManifest_Generation[sdk=iphoneos*]" = YES;
				"INFOPLIST_KEY_UIApplicationSceneManifest_Generation[sdk=iphonesimulator*]" = YES;
				"INFOPLIST_KEY_UIApplicationSupportsIndirectInputEvents[sdk=iphoneos*]" = YES;
				"INFOPLIST_KEY_UIApplicationSupportsIndirectInputEvents[sdk=iphonesimulator*]" = YES;
				"INFOPLIST_KEY_UILaunchScreen_Generation[sdk=iphoneos*]" = YES;
				"INFOPLIST_KEY_UILaunchScreen_Generation[sdk=iphonesimulator*]" = YES;
				"INFOPLIST_KEY_UIStatusBarStyle[sdk=iphoneos*]" = UIStatusBarStyleDefault;
				"INFOPLIST_KEY_UIStatusBarStyle[sdk=iphonesimulator*]" = UIStatusBarStyleDefault;
				INFOPLIST_KEY_UISupportedInterfaceOrientations_iPad = "UIInterfaceOrientationPortrait UIInterfaceOrientationPortraitUpsideDown UIInterfaceOrientationLandscapeLeft UIInterfaceOrientationLandscapeRight";
				INFOPLIST_KEY_UISupportedInterfaceOrientations_iPhone = "UIInterfaceOrientationPortrait UIInterfaceOrientationLandscapeLeft UIInterfaceOrientationLandscapeRight";
				IPHONEOS_DEPLOYMENT_TARGET = 16.1;
				LD_RUNPATH_SEARCH_PATHS = "@executable_path/Frameworks";
				"LD_RUNPATH_SEARCH_PATHS[sdk=macosx*]" = "@executable_path/../Frameworks";
				MACOSX_DEPLOYMENT_TARGET = 13.0;
				MARKETING_VERSION = 1.0;
				PRODUCT_BUNDLE_IDENTIFIER = com.alexrozanski.AuroraSampleApp;
				PRODUCT_NAME = "$(TARGET_NAME)";
				SDKROOT = auto;
				SUPPORTED_PLATFORMS = "iphoneos iphonesimulator macosx";
				SWIFT_EMIT_LOC_STRINGS = YES;
				SWIFT_VERSION = 5.0;
				TARGETED_DEVICE_FAMILY = "1,2";
			};
			name = Release;
		};
/* End XCBuildConfiguration section */

/* Begin XCConfigurationList section */
		82193397295DF86900B47BFB /* Build configuration list for PBXProject "Aurora" */ = {
			isa = XCConfigurationList;
			buildConfigurations = (
				821933A2295DF86900B47BFB /* Debug */,
				821933A3295DF86900B47BFB /* Release */,
			);
			defaultConfigurationIsVisible = 0;
			defaultConfigurationName = Release;
		};
		821933A4295DF86900B47BFB /* Build configuration list for PBXNativeTarget "Aurora" */ = {
			isa = XCConfigurationList;
			buildConfigurations = (
				821933A5295DF86900B47BFB /* Debug */,
				821933A6295DF86900B47BFB /* Release */,
			);
			defaultConfigurationIsVisible = 0;
			defaultConfigurationName = Release;
		};
		821933BE295DF94E00B47BFB /* Build configuration list for PBXNativeTarget "Aurora Designer" */ = {
			isa = XCConfigurationList;
			buildConfigurations = (
				821933BF295DF94E00B47BFB /* Debug */,
				821933C0295DF94E00B47BFB /* Release */,
			);
			defaultConfigurationIsVisible = 0;
			defaultConfigurationName = Release;
		};
		82947D9A2968D3BC00BBA872 /* Build configuration list for PBXNativeTarget "Aurora Sample" */ = {
			isa = XCConfigurationList;
			buildConfigurations = (
				82947D9B2968D3BC00BBA872 /* Debug */,
				82947D9C2968D3BC00BBA872 /* Release */,
			);
			defaultConfigurationIsVisible = 0;
			defaultConfigurationName = Release;
		};
/* End XCConfigurationList section */

/* Begin XCRemoteSwiftPackageReference section */
		82BCD4102965241A001D01B5 /* XCRemoteSwiftPackageReference "ExceptionCatcher" */ = {
			isa = XCRemoteSwiftPackageReference;
			repositoryURL = "https://github.com/sindresorhus/ExceptionCatcher";
			requirement = {
				kind = upToNextMajorVersion;
				minimumVersion = 2.0.0;
			};
		};
		82BCD4162965281B001D01B5 /* XCRemoteSwiftPackageReference "swift-algorithms" */ = {
			isa = XCRemoteSwiftPackageReference;
			repositoryURL = "https://github.com/apple/swift-algorithms.git";
			requirement = {
				kind = upToNextMajorVersion;
				minimumVersion = 1.0.0;
			};
		};
/* End XCRemoteSwiftPackageReference section */

/* Begin XCSwiftPackageProductDependency section */
		82BCD4112965241A001D01B5 /* ExceptionCatcher */ = {
			isa = XCSwiftPackageProductDependency;
			package = 82BCD4102965241A001D01B5 /* XCRemoteSwiftPackageReference "ExceptionCatcher" */;
			productName = ExceptionCatcher;
		};
		82BCD4172965281B001D01B5 /* Algorithms */ = {
			isa = XCSwiftPackageProductDependency;
			package = 82BCD4162965281B001D01B5 /* XCRemoteSwiftPackageReference "swift-algorithms" */;
			productName = Algorithms;
		};
/* End XCSwiftPackageProductDependency section */
	};
	rootObject = 82193394295DF86900B47BFB /* Project object */;
}
